
Microsoft Visual Studio Solution File, Format Version 12.00
# Visual Studio Version 17
VisualStudioVersion = 17.4.33122.133
MinimumVisualStudioVersion = 10.0.40219.1
Project("{FAE04EC0-301F-11D3-BF4B-00C04F79EFBC}") = "ZI_Projekat_17738", "ZI_Projekat_17738\ZI_Projekat_17738.csproj", "{5ABDA991-9AC1-4310-A760-322B66982E03}"
EndProject
Global
	GlobalSection(SolutionConfigurationPlatforms) = preSolution
		Debug|Any CPU = Debug|Any CPU
		Release|Any CPU = Release|Any CPU
	EndGlobalSection
	GlobalSection(ProjectConfigurationPlatforms) = postSolution
		{5ABDA991-9AC1-4310-A760-322B66982E03}.Debug|Any CPU.ActiveCfg = Debug|Any CPU
		{5ABDA991-9AC1-4310-A760-322B66982E03}.Debug|Any CPU.Build.0 = Debug|Any CPU
		{5ABDA991-9AC1-4310-A760-322B66982E03}.Release|Any CPU.ActiveCfg = Release|Any CPU
		{5ABDA991-9AC1-4310-A760-322B66982E03}.Release|Any CPU.Build.0 = Release|Any CPU
	EndGlobalSection
	GlobalSection(SolutionProperties) = preSolution
		HideSolutionNode = FALSE
	EndGlobalSection
	GlobalSection(ExtensibilityGlobals) = postSolution
		SolutionGuid = {909BA0C3-0D65-4C3A-90BD-90F9EA29B8E2}
	EndGlobalSection
EndGlobal
